
Microsoft Visual Studio Solution File, Format Version 12.00
# Visual Studio 14
VisualStudioVersion = 14.0.25420.1
MinimumVisualStudioVersion = 10.0.40219.1
Project("{FAE04EC0-301F-11D3-BF4B-00C04F79EFBC}") = "TicTacToe", "TicTacToe\TicTacToe.csproj", "{D4E5E0C8-8D03-4B02-A1E3-3E4C1162C152}"
EndProject
Project("{FAE04EC0-301F-11D3-BF4B-00C04F79EFBC}") = "TicTacToeUnitTests", "TicTacToeUnitTests\TicTacToeUnitTests.csproj", "{57DE7EBA-99D3-4140-AABB-1E8553FEE04B}"
EndProject
Global
	GlobalSection(SolutionConfigurationPlatforms) = preSolution
		Debug|Any CPU = Debug|Any CPU
		Release|Any CPU = Release|Any CPU
	EndGlobalSection
	GlobalSection(ProjectConfigurationPlatforms) = postSolution
		{D4E5E0C8-8D03-4B02-A1E3-3E4C1162C152}.Debug|Any CPU.ActiveCfg = Debug|Any CPU
		{D4E5E0C8-8D03-4B02-A1E3-3E4C1162C152}.Debug|Any CPU.Build.0 = Debug|Any CPU
		{D4E5E0C8-8D03-4B02-A1E3-3E4C1162C152}.Release|Any CPU.ActiveCfg = Release|Any CPU
		{D4E5E0C8-8D03-4B02-A1E3-3E4C1162C152}.Release|Any CPU.Build.0 = Release|Any CPU
		{57DE7EBA-99D3-4140-AABB-1E8553FEE04B}.Debug|Any CPU.ActiveCfg = Debug|Any CPU
		{57DE7EBA-99D3-4140-AABB-1E8553FEE04B}.Debug|Any CPU.Build.0 = Debug|Any CPU
		{57DE7EBA-99D3-4140-AABB-1E8553FEE04B}.Release|Any CPU.ActiveCfg = Release|Any CPU
		{57DE7EBA-99D3-4140-AABB-1E8553FEE04B}.Release|Any CPU.Build.0 = Release|Any CPU
	EndGlobalSection
	GlobalSection(SolutionProperties) = preSolution
		HideSolutionNode = FALSE
	EndGlobalSection
EndGlobal
